
Microsoft Visual Studio Solution File, Format Version 12.00
# Visual Studio Version 17
VisualStudioVersion = 17.13.35931.197
MinimumVisualStudioVersion = 10.0.40219.1
Project("{FAE04EC0-301F-11D3-BF4B-00C04F79EFBC}") = "PhotoManager", "PhotoManager\PhotoManager.csproj", "{C29A755F-0B93-4852-AEF4-2CBBB954DAF9}"
EndProject
Global
	GlobalSection(SolutionConfigurationPlatforms) = preSolution
		Debug|Any CPU = Debug|Any CPU
		Release|Any CPU = Release|Any CPU
	EndGlobalSection
	GlobalSection(ProjectConfigurationPlatforms) = postSolution
		{C29A755F-0B93-4852-AEF4-2CBBB954DAF9}.Debug|Any CPU.ActiveCfg = Debug|Any CPU
		{C29A755F-0B93-4852-AEF4-2CBBB954DAF9}.Debug|Any CPU.Build.0 = Debug|Any CPU
		{C29A755F-0B93-4852-AEF4-2CBBB954DAF9}.Release|Any CPU.ActiveCfg = Release|Any CPU
		{C29A755F-0B93-4852-AEF4-2CBBB954DAF9}.Release|Any CPU.Build.0 = Release|Any CPU
	EndGlobalSection
	GlobalSection(SolutionProperties) = preSolution
		HideSolutionNode = FALSE
	EndGlobalSection
	GlobalSection(ExtensibilityGlobals) = postSolution
		SolutionGuid = {A7E38185-2EFD-4E5A-9D93-D6D11CEE9684}
	EndGlobalSection
EndGlobal
